
Microsoft Visual Studio Solution File, Format Version 12.00
# Visual Studio Version 17
VisualStudioVersion = 17.14.36518.9 d17.14
MinimumVisualStudioVersion = 10.0.40219.1
Project("{FAE04EC0-301F-11D3-BF4B-00C04F79EFBC}") = "IssueWatcher", "IssueWatcher.csproj", "{1089AA61-E508-4939-8991-978DC32A1CC0}"
EndProject
Global
	GlobalSection(SolutionConfigurationPlatforms) = preSolution
		Debug|Any CPU = Debug|Any CPU
		Release|Any CPU = Release|Any CPU
	EndGlobalSection
	GlobalSection(ProjectConfigurationPlatforms) = postSolution
		{1089AA61-E508-4939-8991-978DC32A1CC0}.Debug|Any CPU.ActiveCfg = Debug|Any CPU
		{1089AA61-E508-4939-8991-978DC32A1CC0}.Debug|Any CPU.Build.0 = Debug|Any CPU
		{1089AA61-E508-4939-8991-978DC32A1CC0}.Release|Any CPU.ActiveCfg = Release|Any CPU
		{1089AA61-E508-4939-8991-978DC32A1CC0}.Release|Any CPU.Build.0 = Release|Any CPU
	EndGlobalSection
	GlobalSection(SolutionProperties) = preSolution
		HideSolutionNode = FALSE
	EndGlobalSection
	GlobalSection(ExtensibilityGlobals) = postSolution
		SolutionGuid = {04BEDC24-0983-4AAA-BE2D-8E6B173C5158}
	EndGlobalSection
EndGlobal
